
Microsoft Visual Studio Solution File, Format Version 12.00
# Visual Studio Version 17
VisualStudioVersion = 17.0.32014.148
MinimumVisualStudioVersion = 10.0.40219.1
Project("{8BC9CEB8-8B4A-11D0-8D11-00A0C91BC942}") = "HomeWork20220114ToInt", "HomeWork20220114ToInt\HomeWork20220114ToInt.vcxproj", "{8B176008-B397-43B3-AC34-18580F1F3E97}"
EndProject
Project("{2150E333-8FDC-42A3-9474-1A3956D46DE8}") = "HomeWork", "HomeWork", "{02C79B2C-2851-46A3-8939-C5A940591422}"
EndProject
Project("{8BC9CEB8-8B4A-11D0-8D11-00A0C91BC942}") = "HomeWork20220117CountFirst", "HomeWork20220117CountFirst\HomeWork20220117CountFirst.vcxproj", "{8B2C4CA0-1BE4-4252-8035-BC95B74F2578}"
EndProject
Project("{8BC9CEB8-8B4A-11D0-8D11-00A0C91BC942}") = "HomeWork20220117CountEnd", "HomeWork20220117CountEnd\HomeWork20220117CountEnd.vcxproj", "{EF5EA35F-1D4E-4E42-9723-54FBC51A7908}"
EndProject
Project("{8BC9CEB8-8B4A-11D0-8D11-00A0C91BC942}") = "HomeWork20220121", "HomeWork20220121\HomeWork20220121.vcxproj", "{9498D1C4-5F84-419C-B0C2-77E6655B9916}"
EndProject
Project("{8BC9CEB8-8B4A-11D0-8D11-00A0C91BC942}") = "HomeWork20220126Class++Operator", "HomeWork20220126Class++Operator\HomeWork20220126Class++Operator.vcxproj", "{D6500D06-686E-46BC-BFA1-4CD65289B728}"
EndProject
Project("{8BC9CEB8-8B4A-11D0-8D11-00A0C91BC942}") = "HomeWork20220126ClassOperator++", "HomeWork20220126ClassOperator++\HomeWork20220126ClassOperator++.vcxproj", "{676655C6-386C-4CB9-A05B-68901DAA3ECB}"
EndProject
Project("{8BC9CEB8-8B4A-11D0-8D11-00A0C91BC942}") = "HomeWork20220208Memory", "HomeWork20220208Memory\HomeWork20220208Memory.vcxproj", "{A028F7D7-8AD2-4EEF-BB0B-85E85443B13C}"
EndProject
Project("{8BC9CEB8-8B4A-11D0-8D11-00A0C91BC942}") = "HomeWork20220209ConsoleScreen1", "HomeWork20220209ConsoleScreen1\HomeWork20220209ConsoleScreen1.vcxproj", "{FB5E8E91-4B60-4548-A800-C7EF49AC67CE}"
EndProject
Global
	GlobalSection(SolutionConfigurationPlatforms) = preSolution
		Debug|x64 = Debug|x64
		Debug|x86 = Debug|x86
		Release|x64 = Release|x64
		Release|x86 = Release|x86
	EndGlobalSection
	GlobalSection(ProjectConfigurationPlatforms) = postSolution
		{8B176008-B397-43B3-AC34-18580F1F3E97}.Debug|x64.ActiveCfg = Debug|x64
		{8B176008-B397-43B3-AC34-18580F1F3E97}.Debug|x64.Build.0 = Debug|x64
		{8B176008-B397-43B3-AC34-18580F1F3E97}.Debug|x86.ActiveCfg = Debug|Win32
		{8B176008-B397-43B3-AC34-18580F1F3E97}.Debug|x86.Build.0 = Debug|Win32
		{8B176008-B397-43B3-AC34-18580F1F3E97}.Release|x64.ActiveCfg = Release|x64
		{8B176008-B397-43B3-AC34-18580F1F3E97}.Release|x64.Build.0 = Release|x64
		{8B176008-B397-43B3-AC34-18580F1F3E97}.Release|x86.ActiveCfg = Release|Win32
		{8B176008-B397-43B3-AC34-18580F1F3E97}.Release|x86.Build.0 = Release|Win32
		{8B2C4CA0-1BE4-4252-8035-BC95B74F2578}.Debug|x64.ActiveCfg = Debug|x64
		{8B2C4CA0-1BE4-4252-8035-BC95B74F2578}.Debug|x64.Build.0 = Debug|x64
		{8B2C4CA0-1BE4-4252-8035-BC95B74F2578}.Debug|x86.ActiveCfg = Debug|Win32
		{8B2C4CA0-1BE4-4252-8035-BC95B74F2578}.Debug|x86.Build.0 = Debug|Win32
		{8B2C4CA0-1BE4-4252-8035-BC95B74F2578}.Release|x64.ActiveCfg = Release|x64
		{8B2C4CA0-1BE4-4252-8035-BC95B74F2578}.Release|x64.Build.0 = Release|x64
		{8B2C4CA0-1BE4-4252-8035-BC95B74F2578}.Release|x86.ActiveCfg = Release|Win32
		{8B2C4CA0-1BE4-4252-8035-BC95B74F2578}.Release|x86.Build.0 = Release|Win32
		{EF5EA35F-1D4E-4E42-9723-54FBC51A7908}.Debug|x64.ActiveCfg = Debug|x64
		{EF5EA35F-1D4E-4E42-9723-54FBC51A7908}.Debug|x64.Build.0 = Debug|x64
		{EF5EA35F-1D4E-4E42-9723-54FBC51A7908}.Debug|x86.ActiveCfg = Debug|Win32
		{EF5EA35F-1D4E-4E42-9723-54FBC51A7908}.Debug|x86.Build.0 = Debug|Win32
		{EF5EA35F-1D4E-4E42-9723-54FBC51A7908}.Release|x64.ActiveCfg = Release|x64
		{EF5EA35F-1D4E-4E42-9723-54FBC51A7908}.Release|x64.Build.0 = Release|x64
		{EF5EA35F-1D4E-4E42-9723-54FBC51A7908}.Release|x86.ActiveCfg = Release|Win32
		{EF5EA35F-1D4E-4E42-9723-54FBC51A7908}.Release|x86.Build.0 = Release|Win32
		{9498D1C4-5F84-419C-B0C2-77E6655B9916}.Debug|x64.ActiveCfg = Debug|x64
		{9498D1C4-5F84-419C-B0C2-77E6655B9916}.Debug|x64.Build.0 = Debug|x64
		{9498D1C4-5F84-419C-B0C2-77E6655B9916}.Debug|x86.ActiveCfg = Debug|Win32
		{9498D1C4-5F84-419C-B0C2-77E6655B9916}.Debug|x86.Build.0 = Debug|Win32
		{9498D1C4-5F84-419C-B0C2-77E6655B9916}.Release|x64.ActiveCfg = Release|x64
		{9498D1C4-5F84-419C-B0C2-77E6655B9916}.Release|x64.Build.0 = Release|x64
		{9498D1C4-5F84-419C-B0C2-77E6655B9916}.Release|x86.ActiveCfg = Release|Win32
		{9498D1C4-5F84-419C-B0C2-77E6655B9916}.Release|x86.Build.0 = Release|Win32
		{D6500D06-686E-46BC-BFA1-4CD65289B728}.Debug|x64.ActiveCfg = Debug|x64
		{D6500D06-686E-46BC-BFA1-4CD65289B728}.Debug|x64.Build.0 = Debug|x64
		{D6500D06-686E-46BC-BFA1-4CD65289B728}.Debug|x86.ActiveCfg = Debug|Win32
		{D6500D06-686E-46BC-BFA1-4CD65289B728}.Debug|x86.Build.0 = Debug|Win32
		{D6500D06-686E-46BC-BFA1-4CD65289B728}.Release|x64.ActiveCfg = Release|x64
		{D6500D06-686E-46BC-BFA1-4CD65289B728}.Release|x64.Build.0 = Release|x64
		{D6500D06-686E-46BC-BFA1-4CD65289B728}.Release|x86.ActiveCfg = Release|Win32
		{D6500D06-686E-46BC-BFA1-4CD65289B728}.Release|x86.Build.0 = Release|Win32
		{676655C6-386C-4CB9-A05B-68901DAA3ECB}.Debug|x64.ActiveCfg = Debug|x64
		{676655C6-386C-4CB9-A05B-68901DAA3ECB}.Debug|x64.Build.0 = Debug|x64
		{676655C6-386C-4CB9-A05B-68901DAA3ECB}.Debug|x86.ActiveCfg = Debug|Win32
		{676655C6-386C-4CB9-A05B-68901DAA3ECB}.Debug|x86.Build.0 = Debug|Win32
		{676655C6-386C-4CB9-A05B-68901DAA3ECB}.Release|x64.ActiveCfg = Release|x64
		{676655C6-386C-4CB9-A05B-68901DAA3ECB}.Release|x64.Build.0 = Release|x64
		{676655C6-386C-4CB9-A05B-68901DAA3ECB}.Release|x86.ActiveCfg = Release|Win32
		{676655C6-386C-4CB9-A05B-68901DAA3ECB}.Release|x86.Build.0 = Release|Win32
		{A028F7D7-8AD2-4EEF-BB0B-85E85443B13C}.Debug|x64.ActiveCfg = Debug|x64
		{A028F7D7-8AD2-4EEF-BB0B-85E85443B13C}.Debug|x64.Build.0 = Debug|x64
		{A028F7D7-8AD2-4EEF-BB0B-85E85443B13C}.Debug|x86.ActiveCfg = Debug|Win32
		{A028F7D7-8AD2-4EEF-BB0B-85E85443B13C}.Debug|x86.Build.0 = Debug|Win32
		{A028F7D7-8AD2-4EEF-BB0B-85E85443B13C}.Release|x64.ActiveCfg = Release|x64
		{A028F7D7-8AD2-4EEF-BB0B-85E85443B13C}.Release|x64.Build.0 = Release|x64
		{A028F7D7-8AD2-4EEF-BB0B-85E85443B13C}.Release|x86.ActiveCfg = Release|Win32
		{A028F7D7-8AD2-4EEF-BB0B-85E85443B13C}.Release|x86.Build.0 = Release|Win32
		{FB5E8E91-4B60-4548-A800-C7EF49AC67CE}.Debug|x64.ActiveCfg = Debug|x64
		{FB5E8E91-4B60-4548-A800-C7EF49AC67CE}.Debug|x64.Build.0 = Debug|x64
		{FB5E8E91-4B60-4548-A800-C7EF49AC67CE}.Debug|x86.ActiveCfg = Debug|Win32
		{FB5E8E91-4B60-4548-A800-C7EF49AC67CE}.Debug|x86.Build.0 = Debug|Win32
		{FB5E8E91-4B60-4548-A800-C7EF49AC67CE}.Release|x64.ActiveCfg = Release|x64
		{FB5E8E91-4B60-4548-A800-C7EF49AC67CE}.Release|x64.Build.0 = Release|x64
		{FB5E8E91-4B60-4548-A800-C7EF49AC67CE}.Release|x86.ActiveCfg = Release|Win32
		{FB5E8E91-4B60-4548-A800-C7EF49AC67CE}.Release|x86.Build.0 = Release|Win32
	EndGlobalSection
	GlobalSection(SolutionProperties) = preSolution
		HideSolutionNode = FALSE
	EndGlobalSection
	GlobalSection(NestedProjects) = preSolution
		{8B176008-B397-43B3-AC34-18580F1F3E97} = {02C79B2C-2851-46A3-8939-C5A940591422}
		{8B2C4CA0-1BE4-4252-8035-BC95B74F2578} = {02C79B2C-2851-46A3-8939-C5A940591422}
		{EF5EA35F-1D4E-4E42-9723-54FBC51A7908} = {02C79B2C-2851-46A3-8939-C5A940591422}
		{9498D1C4-5F84-419C-B0C2-77E6655B9916} = {02C79B2C-2851-46A3-8939-C5A940591422}
		{D6500D06-686E-46BC-BFA1-4CD65289B728} = {02C79B2C-2851-46A3-8939-C5A940591422}
		{676655C6-386C-4CB9-A05B-68901DAA3ECB} = {02C79B2C-2851-46A3-8939-C5A940591422}
		{A028F7D7-8AD2-4EEF-BB0B-85E85443B13C} = {02C79B2C-2851-46A3-8939-C5A940591422}
		{FB5E8E91-4B60-4548-A800-C7EF49AC67CE} = {02C79B2C-2851-46A3-8939-C5A940591422}
	EndGlobalSection
	GlobalSection(ExtensibilityGlobals) = postSolution
		SolutionGuid = {69D21FDB-ED7D-46A4-8571-40D63C1D81A1}
	EndGlobalSection
EndGlobal
