<?xml version="1.0" encoding="utf-8"?>
<Project ToolsVersion="4.0" xmlns="http://schemas.microsoft.com/developer/msbuild/2003">
  <ItemGroup>
    <Filter Include="Engine">
      <UniqueIdentifier>{c2fe2212-99d0-4289-a91e-6e7533f07aa7}</UniqueIdentifier>
    </Filter>
    <Filter Include="Contents">
      <UniqueIdentifier>{c22e7757-127b-4902-83df-f2818285fac0}</UniqueIdentifier>
    </Filter>
  </ItemGroup>
  <ItemGroup>
    <ClCompile Include="..\HomeWork20220209ConsoleScreen1\ConsoleMath.cpp">
      <Filter>Contents</Filter>
    </ClCompile>
    <ClCompile Include="..\HomeWork20220209ConsoleScreen1\ConsoleScreen.cpp">
      <Filter>Contents</Filter>
    </ClCompile>
    <ClCompile Include="..\HomeWork20220209ConsoleScreen1\Player.cpp">
      <Filter>Contents</Filter>
    </ClCompile>
    <ClCompile Include="..\HomeWork20220209ConsoleScreen1\TextScreen.cpp">
      <Filter>Contents</Filter>
    </ClCompile>
  </ItemGroup>
  <ItemGroup>
    <ClInclude Include="..\HomeWork20220209ConsoleScreen1\ConsoleMath.h">
      <Filter>Contents</Filter>
    </ClInclude>
    <ClInclude Include="..\HomeWork20220209ConsoleScreen1\Player.h">
      <Filter>Contents</Filter>
    </ClInclude>
    <ClInclude Include="..\HomeWork20220209ConsoleScreen1\TextScreen.h">
      <Filter>Contents</Filter>
    </ClInclude>
  </ItemGroup>
</Project>