
Microsoft Visual Studio Solution File, Format Version 12.00
# Visual Studio Version 17
VisualStudioVersion = 17.0.32014.148
MinimumVisualStudioVersion = 10.0.40219.1
Project("{8BC9CEB8-8B4A-11D0-8D11-00A0C91BC942}") = "GameEngine", "GameEngine\GameEngine.vcxproj", "{375315BE-AA17-4E7A-87C5-023A279C71E0}"
EndProject
Project("{8BC9CEB8-8B4A-11D0-8D11-00A0C91BC942}") = "GameEngineBase", "GameEngineBase\GameEngineBase.vcxproj", "{7DB184AF-2A49-4EE7-9681-8CCD8C0703E1}"
EndProject
Project("{2150E333-8FDC-42A3-9474-1A3956D46DE8}") = "Level0", "Level0", "{1319CC28-8122-416C-B18D-0EE0EE63E3E0}"
EndProject
Project("{2150E333-8FDC-42A3-9474-1A3956D46DE8}") = "Level1", "Level1", "{2BD0A570-32E0-429E-A7CC-2A2CBF5E99E4}"
EndProject
Project("{2150E333-8FDC-42A3-9474-1A3956D46DE8}") = "Level2", "Level2", "{FFF9BDBD-035F-41EC-98DF-0C32D5256F63}"
EndProject
Project("{2150E333-8FDC-42A3-9474-1A3956D46DE8}") = "Level3", "Level3", "{A5362903-371C-4ACB-B3A8-43F30358B0E5}"
EndProject
Project("{8BC9CEB8-8B4A-11D0-8D11-00A0C91BC942}") = "GameContents", "GameContents\GameContents.vcxproj", "{0DA70999-8A88-42BA-BFBE-444AAF299E96}"
EndProject
Project("{8BC9CEB8-8B4A-11D0-8D11-00A0C91BC942}") = "GameApp", "GameApp\GameApp.vcxproj", "{B98D16DB-ABD6-4616-97DD-C33D94422162}"
EndProject
Global
	GlobalSection(SolutionConfigurationPlatforms) = preSolution
		Debug|x64 = Debug|x64
		Debug|x86 = Debug|x86
		Release|x64 = Release|x64
		Release|x86 = Release|x86
	EndGlobalSection
	GlobalSection(ProjectConfigurationPlatforms) = postSolution
		{375315BE-AA17-4E7A-87C5-023A279C71E0}.Debug|x64.ActiveCfg = Debug|x64
		{375315BE-AA17-4E7A-87C5-023A279C71E0}.Debug|x64.Build.0 = Debug|x64
		{375315BE-AA17-4E7A-87C5-023A279C71E0}.Debug|x86.ActiveCfg = Debug|Win32
		{375315BE-AA17-4E7A-87C5-023A279C71E0}.Debug|x86.Build.0 = Debug|Win32
		{375315BE-AA17-4E7A-87C5-023A279C71E0}.Release|x64.ActiveCfg = Release|x64
		{375315BE-AA17-4E7A-87C5-023A279C71E0}.Release|x64.Build.0 = Release|x64
		{375315BE-AA17-4E7A-87C5-023A279C71E0}.Release|x86.ActiveCfg = Release|Win32
		{375315BE-AA17-4E7A-87C5-023A279C71E0}.Release|x86.Build.0 = Release|Win32
		{7DB184AF-2A49-4EE7-9681-8CCD8C0703E1}.Debug|x64.ActiveCfg = Debug|x64
		{7DB184AF-2A49-4EE7-9681-8CCD8C0703E1}.Debug|x64.Build.0 = Debug|x64
		{7DB184AF-2A49-4EE7-9681-8CCD8C0703E1}.Debug|x86.ActiveCfg = Debug|Win32
		{7DB184AF-2A49-4EE7-9681-8CCD8C0703E1}.Debug|x86.Build.0 = Debug|Win32
		{7DB184AF-2A49-4EE7-9681-8CCD8C0703E1}.Release|x64.ActiveCfg = Release|x64
		{7DB184AF-2A49-4EE7-9681-8CCD8C0703E1}.Release|x64.Build.0 = Release|x64
		{7DB184AF-2A49-4EE7-9681-8CCD8C0703E1}.Release|x86.ActiveCfg = Release|Win32
		{7DB184AF-2A49-4EE7-9681-8CCD8C0703E1}.Release|x86.Build.0 = Release|Win32
		{0DA70999-8A88-42BA-BFBE-444AAF299E96}.Debug|x64.ActiveCfg = Debug|x64
		{0DA70999-8A88-42BA-BFBE-444AAF299E96}.Debug|x64.Build.0 = Debug|x64
		{0DA70999-8A88-42BA-BFBE-444AAF299E96}.Debug|x86.ActiveCfg = Debug|Win32
		{0DA70999-8A88-42BA-BFBE-444AAF299E96}.Debug|x86.Build.0 = Debug|Win32
		{0DA70999-8A88-42BA-BFBE-444AAF299E96}.Release|x64.ActiveCfg = Release|x64
		{0DA70999-8A88-42BA-BFBE-444AAF299E96}.Release|x64.Build.0 = Release|x64
		{0DA70999-8A88-42BA-BFBE-444AAF299E96}.Release|x86.ActiveCfg = Release|Win32
		{0DA70999-8A88-42BA-BFBE-444AAF299E96}.Release|x86.Build.0 = Release|Win32
		{B98D16DB-ABD6-4616-97DD-C33D94422162}.Debug|x64.ActiveCfg = Debug|x64
		{B98D16DB-ABD6-4616-97DD-C33D94422162}.Debug|x64.Build.0 = Debug|x64
		{B98D16DB-ABD6-4616-97DD-C33D94422162}.Debug|x86.ActiveCfg = Debug|Win32
		{B98D16DB-ABD6-4616-97DD-C33D94422162}.Debug|x86.Build.0 = Debug|Win32
		{B98D16DB-ABD6-4616-97DD-C33D94422162}.Release|x64.ActiveCfg = Release|x64
		{B98D16DB-ABD6-4616-97DD-C33D94422162}.Release|x64.Build.0 = Release|x64
		{B98D16DB-ABD6-4616-97DD-C33D94422162}.Release|x86.ActiveCfg = Release|Win32
		{B98D16DB-ABD6-4616-97DD-C33D94422162}.Release|x86.Build.0 = Release|Win32
	EndGlobalSection
	GlobalSection(SolutionProperties) = preSolution
		HideSolutionNode = FALSE
	EndGlobalSection
	GlobalSection(NestedProjects) = preSolution
		{375315BE-AA17-4E7A-87C5-023A279C71E0} = {2BD0A570-32E0-429E-A7CC-2A2CBF5E99E4}
		{7DB184AF-2A49-4EE7-9681-8CCD8C0703E1} = {1319CC28-8122-416C-B18D-0EE0EE63E3E0}
		{0DA70999-8A88-42BA-BFBE-444AAF299E96} = {FFF9BDBD-035F-41EC-98DF-0C32D5256F63}
		{B98D16DB-ABD6-4616-97DD-C33D94422162} = {A5362903-371C-4ACB-B3A8-43F30358B0E5}
	EndGlobalSection
	GlobalSection(ExtensibilityGlobals) = postSolution
		SolutionGuid = {92505ECF-FB3A-43F3-BE59-C4A4A261FDCE}
	EndGlobalSection
EndGlobal
