
Microsoft Visual Studio Solution File, Format Version 12.00
# Visual Studio Version 17
VisualStudioVersion = 17.0.32014.148
MinimumVisualStudioVersion = 10.0.40219.1
Project("{8BC9CEB8-8B4A-11D0-8D11-00A0C91BC942}") = "GameEngine", "GameEngine\GameEngine.vcxproj", "{1C91E933-1735-48BC-A4C5-B07AFC2D47DE}"
EndProject
Project("{8BC9CEB8-8B4A-11D0-8D11-00A0C91BC942}") = "GameEngineBase", "GameEngineBase\GameEngineBase.vcxproj", "{700AAFBA-AB19-4060-89ED-52E20B16D606}"
EndProject
Project("{2150E333-8FDC-42A3-9474-1A3956D46DE8}") = "Level0", "Level0", "{5CB80117-71FA-4403-BB4B-6432F56B1287}"
EndProject
Project("{2150E333-8FDC-42A3-9474-1A3956D46DE8}") = "Level1", "Level1", "{48DD8D1F-DC71-44D0-B910-5A25B66AAF68}"
EndProject
Project("{2150E333-8FDC-42A3-9474-1A3956D46DE8}") = "Level2", "Level2", "{E2898F0B-BA97-423B-9714-8FB04FD42976}"
EndProject
Project("{8BC9CEB8-8B4A-11D0-8D11-00A0C91BC942}") = "GameEngineContents", "GameEngineContents\GameEngineContents.vcxproj", "{774D9BAC-B086-4B2F-80D1-0A2CB92E6855}"
EndProject
Project("{2150E333-8FDC-42A3-9474-1A3956D46DE8}") = "Level3", "Level3", "{0DF6F501-0031-4BB8-9D91-C7DE4BC33183}"
EndProject
Project("{8BC9CEB8-8B4A-11D0-8D11-00A0C91BC942}") = "GameApp", "GameApp\GameApp.vcxproj", "{626306A4-E0F4-4571-9F6A-52119D9FABF4}"
EndProject
Global
	GlobalSection(SolutionConfigurationPlatforms) = preSolution
		Debug|x64 = Debug|x64
		Debug|x86 = Debug|x86
		Release|x64 = Release|x64
		Release|x86 = Release|x86
	EndGlobalSection
	GlobalSection(ProjectConfigurationPlatforms) = postSolution
		{1C91E933-1735-48BC-A4C5-B07AFC2D47DE}.Debug|x64.ActiveCfg = Debug|x64
		{1C91E933-1735-48BC-A4C5-B07AFC2D47DE}.Debug|x64.Build.0 = Debug|x64
		{1C91E933-1735-48BC-A4C5-B07AFC2D47DE}.Debug|x86.ActiveCfg = Debug|Win32
		{1C91E933-1735-48BC-A4C5-B07AFC2D47DE}.Debug|x86.Build.0 = Debug|Win32
		{1C91E933-1735-48BC-A4C5-B07AFC2D47DE}.Release|x64.ActiveCfg = Release|x64
		{1C91E933-1735-48BC-A4C5-B07AFC2D47DE}.Release|x64.Build.0 = Release|x64
		{1C91E933-1735-48BC-A4C5-B07AFC2D47DE}.Release|x86.ActiveCfg = Release|Win32
		{1C91E933-1735-48BC-A4C5-B07AFC2D47DE}.Release|x86.Build.0 = Release|Win32
		{700AAFBA-AB19-4060-89ED-52E20B16D606}.Debug|x64.ActiveCfg = Debug|x64
		{700AAFBA-AB19-4060-89ED-52E20B16D606}.Debug|x64.Build.0 = Debug|x64
		{700AAFBA-AB19-4060-89ED-52E20B16D606}.Debug|x86.ActiveCfg = Debug|Win32
		{700AAFBA-AB19-4060-89ED-52E20B16D606}.Debug|x86.Build.0 = Debug|Win32
		{700AAFBA-AB19-4060-89ED-52E20B16D606}.Release|x64.ActiveCfg = Release|x64
		{700AAFBA-AB19-4060-89ED-52E20B16D606}.Release|x64.Build.0 = Release|x64
		{700AAFBA-AB19-4060-89ED-52E20B16D606}.Release|x86.ActiveCfg = Release|Win32
		{700AAFBA-AB19-4060-89ED-52E20B16D606}.Release|x86.Build.0 = Release|Win32
		{774D9BAC-B086-4B2F-80D1-0A2CB92E6855}.Debug|x64.ActiveCfg = Debug|x64
		{774D9BAC-B086-4B2F-80D1-0A2CB92E6855}.Debug|x64.Build.0 = Debug|x64
		{774D9BAC-B086-4B2F-80D1-0A2CB92E6855}.Debug|x86.ActiveCfg = Debug|Win32
		{774D9BAC-B086-4B2F-80D1-0A2CB92E6855}.Debug|x86.Build.0 = Debug|Win32
		{774D9BAC-B086-4B2F-80D1-0A2CB92E6855}.Release|x64.ActiveCfg = Release|x64
		{774D9BAC-B086-4B2F-80D1-0A2CB92E6855}.Release|x64.Build.0 = Release|x64
		{774D9BAC-B086-4B2F-80D1-0A2CB92E6855}.Release|x86.ActiveCfg = Release|Win32
		{774D9BAC-B086-4B2F-80D1-0A2CB92E6855}.Release|x86.Build.0 = Release|Win32
		{626306A4-E0F4-4571-9F6A-52119D9FABF4}.Debug|x64.ActiveCfg = Debug|x64
		{626306A4-E0F4-4571-9F6A-52119D9FABF4}.Debug|x64.Build.0 = Debug|x64
		{626306A4-E0F4-4571-9F6A-52119D9FABF4}.Debug|x86.ActiveCfg = Debug|Win32
		{626306A4-E0F4-4571-9F6A-52119D9FABF4}.Debug|x86.Build.0 = Debug|Win32
		{626306A4-E0F4-4571-9F6A-52119D9FABF4}.Release|x64.ActiveCfg = Release|x64
		{626306A4-E0F4-4571-9F6A-52119D9FABF4}.Release|x64.Build.0 = Release|x64
		{626306A4-E0F4-4571-9F6A-52119D9FABF4}.Release|x86.ActiveCfg = Release|Win32
		{626306A4-E0F4-4571-9F6A-52119D9FABF4}.Release|x86.Build.0 = Release|Win32
	EndGlobalSection
	GlobalSection(SolutionProperties) = preSolution
		HideSolutionNode = FALSE
	EndGlobalSection
	GlobalSection(NestedProjects) = preSolution
		{1C91E933-1735-48BC-A4C5-B07AFC2D47DE} = {48DD8D1F-DC71-44D0-B910-5A25B66AAF68}
		{700AAFBA-AB19-4060-89ED-52E20B16D606} = {5CB80117-71FA-4403-BB4B-6432F56B1287}
		{774D9BAC-B086-4B2F-80D1-0A2CB92E6855} = {E2898F0B-BA97-423B-9714-8FB04FD42976}
		{626306A4-E0F4-4571-9F6A-52119D9FABF4} = {0DF6F501-0031-4BB8-9D91-C7DE4BC33183}
	EndGlobalSection
	GlobalSection(ExtensibilityGlobals) = postSolution
		SolutionGuid = {F77437B3-2C86-4D3B-8994-1A1BADDF7B3C}
	EndGlobalSection
EndGlobal
